
Microsoft Visual Studio Solution File, Format Version 12.00
# Visual Studio Version 16
VisualStudioVersion = 16.0.29509.3
MinimumVisualStudioVersion = 10.0.40219.1
Project("{FAE04EC0-301F-11D3-BF4B-00C04F79EFBC}") = "csharp_command_pattern", "csharp_command_pattern\csharp_command_pattern.csproj", "{C5D975F0-13A6-4B18-A62C-B0DB8180F8DE}"
EndProject
Global
	GlobalSection(SolutionConfigurationPlatforms) = preSolution
		Debug|Any CPU = Debug|Any CPU
		Release|Any CPU = Release|Any CPU
	EndGlobalSection
	GlobalSection(ProjectConfigurationPlatforms) = postSolution
		{C5D975F0-13A6-4B18-A62C-B0DB8180F8DE}.Debug|Any CPU.ActiveCfg = Debug|Any CPU
		{C5D975F0-13A6-4B18-A62C-B0DB8180F8DE}.Debug|Any CPU.Build.0 = Debug|Any CPU
		{C5D975F0-13A6-4B18-A62C-B0DB8180F8DE}.Release|Any CPU.ActiveCfg = Release|Any CPU
		{C5D975F0-13A6-4B18-A62C-B0DB8180F8DE}.Release|Any CPU.Build.0 = Release|Any CPU
	EndGlobalSection
	GlobalSection(SolutionProperties) = preSolution
		HideSolutionNode = FALSE
	EndGlobalSection
	GlobalSection(ExtensibilityGlobals) = postSolution
		SolutionGuid = {47B8F0F7-0DDA-414F-B7ED-427637C798E2}
	EndGlobalSection
EndGlobal
